
Microsoft Visual Studio Solution File, Format Version 12.00
# Visual Studio Version 17
VisualStudioVersion = 17.2.32519.379
MinimumVisualStudioVersion = 10.0.40219.1
Project("{FAE04EC0-301F-11D3-BF4B-00C04F79EFBC}") = "IS4Demo.Api", "IS4Demo.Api\IS4Demo.Api.csproj", "{ACF59599-5CD0-4209-95A3-AE36D15E4861}"
EndProject
Project("{FAE04EC0-301F-11D3-BF4B-00C04F79EFBC}") = "IS4Demo.Auth", "IS4Demo.Auth\IS4Demo.Auth.csproj", "{60B75FAD-C690-479E-8A24-28D9EB1C3311}"
EndProject
Project("{FAE04EC0-301F-11D3-BF4B-00C04F79EFBC}") = "IS4Demo.Data", "IS4Demo.Data\IS4Demo.Data.csproj", "{7D6CF6E7-8EC2-4A6F-A7FB-C5EAE33C2A67}"
EndProject
Project("{FAE04EC0-301F-11D3-BF4B-00C04F79EFBC}") = "IS4Demo.Blazor", "IS4Demo.Blazor\IS4Demo.Blazor.csproj", "{15BEAD8C-4897-491D-982D-5EEC711A42C4}"
EndProject
Global
	GlobalSection(SolutionConfigurationPlatforms) = preSolution
		Debug|Any CPU = Debug|Any CPU
		Release|Any CPU = Release|Any CPU
	EndGlobalSection
	GlobalSection(ProjectConfigurationPlatforms) = postSolution
		{ACF59599-5CD0-4209-95A3-AE36D15E4861}.Debug|Any CPU.ActiveCfg = Debug|Any CPU
		{ACF59599-5CD0-4209-95A3-AE36D15E4861}.Debug|Any CPU.Build.0 = Debug|Any CPU
		{ACF59599-5CD0-4209-95A3-AE36D15E4861}.Release|Any CPU.ActiveCfg = Release|Any CPU
		{ACF59599-5CD0-4209-95A3-AE36D15E4861}.Release|Any CPU.Build.0 = Release|Any CPU
		{60B75FAD-C690-479E-8A24-28D9EB1C3311}.Debug|Any CPU.ActiveCfg = Debug|Any CPU
		{60B75FAD-C690-479E-8A24-28D9EB1C3311}.Debug|Any CPU.Build.0 = Debug|Any CPU
		{60B75FAD-C690-479E-8A24-28D9EB1C3311}.Release|Any CPU.ActiveCfg = Release|Any CPU
		{60B75FAD-C690-479E-8A24-28D9EB1C3311}.Release|Any CPU.Build.0 = Release|Any CPU
		{7D6CF6E7-8EC2-4A6F-A7FB-C5EAE33C2A67}.Debug|Any CPU.ActiveCfg = Debug|Any CPU
		{7D6CF6E7-8EC2-4A6F-A7FB-C5EAE33C2A67}.Debug|Any CPU.Build.0 = Debug|Any CPU
		{7D6CF6E7-8EC2-4A6F-A7FB-C5EAE33C2A67}.Release|Any CPU.ActiveCfg = Release|Any CPU
		{7D6CF6E7-8EC2-4A6F-A7FB-C5EAE33C2A67}.Release|Any CPU.Build.0 = Release|Any CPU
		{15BEAD8C-4897-491D-982D-5EEC711A42C4}.Debug|Any CPU.ActiveCfg = Debug|Any CPU
		{15BEAD8C-4897-491D-982D-5EEC711A42C4}.Debug|Any CPU.Build.0 = Debug|Any CPU
		{15BEAD8C-4897-491D-982D-5EEC711A42C4}.Release|Any CPU.ActiveCfg = Release|Any CPU
		{15BEAD8C-4897-491D-982D-5EEC711A42C4}.Release|Any CPU.Build.0 = Release|Any CPU
	EndGlobalSection
	GlobalSection(SolutionProperties) = preSolution
		HideSolutionNode = FALSE
	EndGlobalSection
	GlobalSection(ExtensibilityGlobals) = postSolution
		SolutionGuid = {A556CDAE-C758-48CE-BC18-5A7FD3A9C057}
	EndGlobalSection
EndGlobal
